// !$*UTF8*$!
{
	archiveVersion = 1;
	classes = {
	};
	objectVersion = 60;
	objects = {

/* Begin PBXBuildFile section */
		596800632D672D6C00EE2BEB /* MiniAppRepository.swift in Sources */ = {isa = PBXBuildFile; fileRef = 596800622D672D6C00EE2BEB /* MiniAppRepository.swift */; };
		596800652D672D8000EE2BEB /* MiniAppService.swift in Sources */ = {isa = PBXBuildFile; fileRef = 596800642D672D8000EE2BEB /* MiniAppService.swift */; };
		596800672D672DB300EE2BEB /* MiniAppCustomization.swift in Sources */ = {isa = PBXBuildFile; fileRef = 596800662D672DB300EE2BEB /* MiniAppCustomization.swift */; };
		596800692D672DD600EE2BEB /* UIViewControllerFinder.swift in Sources */ = {isa = PBXBuildFile; fileRef = 596800682D672DD600EE2BEB /* UIViewControllerFinder.swift */; };
		596800712D6738A700EE2BEB /* ic_power_24.png in Resources */ = {isa = PBXBuildFile; fileRef = 596800702D6738A700EE2BEB /* ic_power_24.png */; };
		59C24A7E2D666A83002CB59B /* MiniAppTesterApp.swift in Sources */ = {isa = PBXBuildFile; fileRef = 59C24A7D2D666A83002CB59B /* MiniAppTesterApp.swift */; };
		59C24A802D666A83002CB59B /* ContentView.swift in Sources */ = {isa = PBXBuildFile; fileRef = 59C24A7F2D666A83002CB59B /* ContentView.swift */; };
		59C24A822D666A84002CB59B /* Assets.xcassets in Resources */ = {isa = PBXBuildFile; fileRef = 59C24A812D666A84002CB59B /* Assets.xcassets */; };
		59C24A852D666A84002CB59B /* Preview Assets.xcassets in Resources */ = {isa = PBXBuildFile; fileRef = 59C24A842D666A84002CB59B /* Preview Assets.xcassets */; };
		59F213692D673C0B009F3DF6 /* tcsas-ios-configurations.json in Resources */ = {isa = PBXBuildFile; fileRef = 59F213682D673C0B009F3DF6 /* tcsas-ios-configurations.json */; };
		6C5C93781347BF4476700B63 /* Pods_MiniAppTester.framework in Frameworks */ = {isa = PBXBuildFile; fileRef = CF5390C02522145292C789AD /* Pods_MiniAppTester.framework */; };
/* End PBXBuildFile section */

/* Begin PBXFileReference section */
		596800622D672D6C00EE2BEB /* MiniAppRepository.swift */ = {isa = PBXFileReference; lastKnownFileType = sourcecode.swift; path = MiniAppRepository.swift; sourceTree = "<group>"; };
		596800642D672D8000EE2BEB /* MiniAppService.swift */ = {isa = PBXFileReference; lastKnownFileType = sourcecode.swift; path = MiniAppService.swift; sourceTree = "<group>"; };
		596800662D672DB300EE2BEB /* MiniAppCustomization.swift */ = {isa = PBXFileReference; lastKnownFileType = sourcecode.swift; path = MiniAppCustomization.swift; sourceTree = "<group>"; };
		596800682D672DD600EE2BEB /* UIViewControllerFinder.swift */ = {isa = PBXFileReference; lastKnownFileType = sourcecode.swift; path = UIViewControllerFinder.swift; sourceTree = "<group>"; };
		596800702D6738A700EE2BEB /* ic_power_24.png */ = {isa = PBXFileReference; lastKnownFileType = image.png; path = ic_power_24.png; sourceTree = "<group>"; };
		59C24A7A2D666A83002CB59B /* MiniAppTester.app */ = {isa = PBXFileReference; explicitFileType = wrapper.application; includeInIndex = 0; path = MiniAppTester.app; sourceTree = BUILT_PRODUCTS_DIR; };
		59C24A7D2D666A83002CB59B /* MiniAppTesterApp.swift */ = {isa = PBXFileReference; lastKnownFileType = sourcecode.swift; path = MiniAppTesterApp.swift; sourceTree = "<group>"; };
		59C24A7F2D666A83002CB59B /* ContentView.swift */ = {isa = PBXFileReference; lastKnownFileType = sourcecode.swift; path = ContentView.swift; sourceTree = "<group>"; };
		59C24A812D666A84002CB59B /* Assets.xcassets */ = {isa = PBXFileReference; lastKnownFileType = folder.assetcatalog; path = Assets.xcassets; sourceTree = "<group>"; };
		59C24A842D666A84002CB59B /* Preview Assets.xcassets */ = {isa = PBXFileReference; lastKnownFileType = folder.assetcatalog; path = "Preview Assets.xcassets"; sourceTree = "<group>"; };
		59F213682D673C0B009F3DF6 /* tcsas-ios-configurations.json */ = {isa = PBXFileReference; fileEncoding = 4; lastKnownFileType = text.json; path = "tcsas-ios-configurations.json"; sourceTree = "<group>"; };
		6AB2FD087E580C6B25A285E1 /* Pods-MiniAppTester.debug.xcconfig */ = {isa = PBXFileReference; includeInIndex = 1; lastKnownFileType = text.xcconfig; name = "Pods-MiniAppTester.debug.xcconfig"; path = "Target Support Files/Pods-MiniAppTester/Pods-MiniAppTester.debug.xcconfig"; sourceTree = "<group>"; };
		9CB8A9031EDF589A6ED0EED2 /* Pods-MiniAppTester.release.xcconfig */ = {isa = PBXFileReference; includeInIndex = 1; lastKnownFileType = text.xcconfig; name = "Pods-MiniAppTester.release.xcconfig"; path = "Target Support Files/Pods-MiniAppTester/Pods-MiniAppTester.release.xcconfig"; sourceTree = "<group>"; };
		CF5390C02522145292C789AD /* Pods_MiniAppTester.framework */ = {isa = PBXFileReference; explicitFileType = wrapper.framework; includeInIndex = 0; path = Pods_MiniAppTester.framework; sourceTree = BUILT_PRODUCTS_DIR; };
/* End PBXFileReference section */

/* Begin PBXFrameworksBuildPhase section */
		59C24A772D666A83002CB59B /* Frameworks */ = {
			isa = PBXFrameworksBuildPhase;
			buildActionMask = 2147483647;
			files = (
				6C5C93781347BF4476700B63 /* Pods_MiniAppTester.framework in Frameworks */,
			);
			runOnlyForDeploymentPostprocessing = 0;
		};
/* End PBXFrameworksBuildPhase section */

/* Begin PBXGroup section */
		596800572D672B1900EE2BEB /* App */ = {
			isa = PBXGroup;
			children = (
				59C24A7D2D666A83002CB59B /* MiniAppTesterApp.swift */,
			);
			path = App;
			sourceTree = "<group>";
		};
		596800582D672B2100EE2BEB /* Presentation */ = {
			isa = PBXGroup;
			children = (
				59C24A7F2D666A83002CB59B /* ContentView.swift */,
			);
			path = Presentation;
			sourceTree = "<group>";
		};
		596800592D672B2B00EE2BEB /* Domain */ = {
			isa = PBXGroup;
			children = (
				596800622D672D6C00EE2BEB /* MiniAppRepository.swift */,
			);
			path = Domain;
			sourceTree = "<group>";
		};
		5968005A2D672B3200EE2BEB /* Data */ = {
			isa = PBXGroup;
			children = (
				596800642D672D8000EE2BEB /* MiniAppService.swift */,
				596800662D672DB300EE2BEB /* MiniAppCustomization.swift */,
				596800682D672DD600EE2BEB /* UIViewControllerFinder.swift */,
			);
			path = Data;
			sourceTree = "<group>";
		};
		5968005B2D672B3900EE2BEB /* Resources */ = {
			isa = PBXGroup;
			children = (
				5968005D2D672B4600EE2BEB /* Config */,
				5968005C2D672B3F00EE2BEB /* Images */,
			);
			path = Resources;
			sourceTree = "<group>";
		};
		5968005C2D672B3F00EE2BEB /* Images */ = {
			isa = PBXGroup;
			children = (
				596800702D6738A700EE2BEB /* ic_power_24.png */,
			);
			path = Images;
			sourceTree = "<group>";
		};
		5968005D2D672B4600EE2BEB /* Config */ = {
			isa = PBXGroup;
			children = (
				59F213682D673C0B009F3DF6 /* tcsas-ios-configurations.json */,
			);
			path = Config;
			sourceTree = "<group>";
		};
		59C24A712D666A82002CB59B = {
			isa = PBXGroup;
			children = (
				59C24A7C2D666A83002CB59B /* MiniAppTester */,
				59C24A7B2D666A83002CB59B /* Products */,
				865BFA70C15413D448A2E427 /* Pods */,
				7228DF551CF7B702CB97A2CC /* Frameworks */,
			);
			sourceTree = "<group>";
		};
		59C24A7B2D666A83002CB59B /* Products */ = {
			isa = PBXGroup;
			children = (
				59C24A7A2D666A83002CB59B /* MiniAppTester.app */,
			);
			name = Products;
			sourceTree = "<group>";
		};
		59C24A7C2D666A83002CB59B /* MiniAppTester */ = {
			isa = PBXGroup;
			children = (
				5968005B2D672B3900EE2BEB /* Resources */,
				5968005A2D672B3200EE2BEB /* Data */,
				596800592D672B2B00EE2BEB /* Domain */,
				596800582D672B2100EE2BEB /* Presentation */,
				596800572D672B1900EE2BEB /* App */,
				59C24A812D666A84002CB59B /* Assets.xcassets */,
				59C24A832D666A84002CB59B /* Preview Content */,
			);
			path = MiniAppTester;
			sourceTree = "<group>";
		};
		59C24A832D666A84002CB59B /* Preview Content */ = {
			isa = PBXGroup;
			children = (
				59C24A842D666A84002CB59B /* Preview Assets.xcassets */,
			);
			path = "Preview Content";
			sourceTree = "<group>";
		};
		7228DF551CF7B702CB97A2CC /* Frameworks */ = {
			isa = PBXGroup;
			children = (
				CF5390C02522145292C789AD /* Pods_MiniAppTester.framework */,
			);
			name = Frameworks;
			sourceTree = "<group>";
		};
		865BFA70C15413D448A2E427 /* Pods */ = {
			isa = PBXGroup;
			children = (
				6AB2FD087E580C6B25A285E1 /* Pods-MiniAppTester.debug.xcconfig */,
				9CB8A9031EDF589A6ED0EED2 /* Pods-MiniAppTester.release.xcconfig */,
			);
			path = Pods;
			sourceTree = "<group>";
		};
/* End PBXGroup section */

/* Begin PBXNativeTarget section */
		59C24A792D666A83002CB59B /* MiniAppTester */ = {
			isa = PBXNativeTarget;
			buildConfigurationList = 59C24A882D666A84002CB59B /* Build configuration list for PBXNativeTarget "MiniAppTester" */;
			buildPhases = (
				43A3348EB3E3C292E8EBE3F5 /* [CP] Check Pods Manifest.lock */,
				59C24A762D666A83002CB59B /* Sources */,
				59C24A772D666A83002CB59B /* Frameworks */,
				59C24A782D666A83002CB59B /* Resources */,
				D011DDEE4B6450CF05276E8C /* [CP] Copy Pods Resources */,
				BD088B3BFEC57C46A169D848 /* [CP] Embed Pods Frameworks */,
			);
			buildRules = (
			);
			dependencies = (
			);
			name = MiniAppTester;
			productName = MiniAppTester;
			productReference = 59C24A7A2D666A83002CB59B /* MiniAppTester.app */;
			productType = "com.apple.product-type.application";
		};
/* End PBXNativeTarget section */

/* Begin PBXProject section */
		59C24A722D666A82002CB59B /* Project object */ = {
			isa = PBXProject;
			attributes = {
				BuildIndependentTargetsInParallel = 1;
				LastSwiftUpdateCheck = 1520;
				LastUpgradeCheck = 1520;
				TargetAttributes = {
					59C24A792D666A83002CB59B = {
						CreatedOnToolsVersion = 15.2;
					};
				};
			};
			buildConfigurationList = 59C24A752D666A82002CB59B /* Build configuration list for PBXProject "MiniAppTester" */;
			compatibilityVersion = "Xcode 15.0";
			developmentRegion = en;
			hasScannedForEncodings = 0;
			knownRegions = (
				en,
				Base,
			);
			mainGroup = 59C24A712D666A82002CB59B;
			productRefGroup = 59C24A7B2D666A83002CB59B /* Products */;
			projectDirPath = "";
			projectRoot = "";
			targets = (
				59C24A792D666A83002CB59B /* MiniAppTester */,
			);
		};
/* End PBXProject section */

/* Begin PBXResourcesBuildPhase section */
		59C24A782D666A83002CB59B /* Resources */ = {
			isa = PBXResourcesBuildPhase;
			buildActionMask = 2147483647;
			files = (
				59C24A852D666A84002CB59B /* Preview Assets.xcassets in Resources */,
				59C24A822D666A84002CB59B /* Assets.xcassets in Resources */,
				596800712D6738A700EE2BEB /* ic_power_24.png in Resources */,
				59F213692D673C0B009F3DF6 /* tcsas-ios-configurations.json in Resources */,
			);
			runOnlyForDeploymentPostprocessing = 0;
		};
/* End PBXResourcesBuildPhase section */

/* Begin PBXShellScriptBuildPhase section */
		43A3348EB3E3C292E8EBE3F5 /* [CP] Check Pods Manifest.lock */ = {
			isa = PBXShellScriptBuildPhase;
			buildActionMask = 2147483647;
			files = (
			);
			inputFileListPaths = (
			);
			inputPaths = (
				"${PODS_PODFILE_DIR_PATH}/Podfile.lock",
				"${PODS_ROOT}/Manifest.lock",
			);
			name = "[CP] Check Pods Manifest.lock";
			outputFileListPaths = (
			);
			outputPaths = (
				"$(DERIVED_FILE_DIR)/Pods-MiniAppTester-checkManifestLockResult.txt",
			);
			runOnlyForDeploymentPostprocessing = 0;
			shellPath = /bin/sh;
			shellScript = "diff \"${PODS_PODFILE_DIR_PATH}/Podfile.lock\" \"${PODS_ROOT}/Manifest.lock\" > /dev/null\nif [ $? != 0 ] ; then\n    # print error to STDERR\n    echo \"error: The sandbox is not in sync with the Podfile.lock. Run 'pod install' or update your CocoaPods installation.\" >&2\n    exit 1\nfi\n# This output is used by Xcode 'outputs' to avoid re-running this script phase.\necho \"SUCCESS\" > \"${SCRIPT_OUTPUT_FILE_0}\"\n";
			showEnvVarsInLog = 0;
		};
		BD088B3BFEC57C46A169D848 /* [CP] Embed Pods Frameworks */ = {
			isa = PBXShellScriptBuildPhase;
			buildActionMask = 2147483647;
			files = (
			);
			inputFileListPaths = (
				"${PODS_ROOT}/Target Support Files/Pods-MiniAppTester/Pods-MiniAppTester-frameworks-${CONFIGURATION}-input-files.xcfilelist",
			);
			name = "[CP] Embed Pods Frameworks";
			outputFileListPaths = (
				"${PODS_ROOT}/Target Support Files/Pods-MiniAppTester/Pods-MiniAppTester-frameworks-${CONFIGURATION}-output-files.xcfilelist",
			);
			runOnlyForDeploymentPostprocessing = 0;
			shellPath = /bin/sh;
			shellScript = "\"${PODS_ROOT}/Target Support Files/Pods-MiniAppTester/Pods-MiniAppTester-frameworks.sh\"\n";
			showEnvVarsInLog = 0;
		};
		D011DDEE4B6450CF05276E8C /* [CP] Copy Pods Resources */ = {
			isa = PBXShellScriptBuildPhase;
			buildActionMask = 2147483647;
			files = (
			);
			inputFileListPaths = (
				"${PODS_ROOT}/Target Support Files/Pods-MiniAppTester/Pods-MiniAppTester-resources-${CONFIGURATION}-input-files.xcfilelist",
			);
			name = "[CP] Copy Pods Resources";
			outputFileListPaths = (
				"${PODS_ROOT}/Target Support Files/Pods-MiniAppTester/Pods-MiniAppTester-resources-${CONFIGURATION}-output-files.xcfilelist",
			);
			runOnlyForDeploymentPostprocessing = 0;
			shellPath = /bin/sh;
			shellScript = "\"${PODS_ROOT}/Target Support Files/Pods-MiniAppTester/Pods-MiniAppTester-resources.sh\"\n";
			showEnvVarsInLog = 0;
		};
/* End PBXShellScriptBuildPhase section */

/* Begin PBXSourcesBuildPhase section */
		59C24A762D666A83002CB59B /* Sources */ = {
			isa = PBXSourcesBuildPhase;
			buildActionMask = 2147483647;
			files = (
				596800632D672D6C00EE2BEB /* MiniAppRepository.swift in Sources */,
				596800692D672DD600EE2BEB /* UIViewControllerFinder.swift in Sources */,
				59C24A802D666A83002CB59B /* ContentView.swift in Sources */,
				596800672D672DB300EE2BEB /* MiniAppCustomization.swift in Sources */,
				596800652D672D8000EE2BEB /* MiniAppService.swift in Sources */,
				59C24A7E2D666A83002CB59B /* MiniAppTesterApp.swift in Sources */,
			);
			runOnlyForDeploymentPostprocessing = 0;
		};
/* End PBXSourcesBuildPhase section */

/* Begin XCBuildConfiguration section */
		59C24A862D666A84002CB59B /* Debug */ = {
			isa = XCBuildConfiguration;
			buildSettings = {
				ALWAYS_SEARCH_USER_PATHS = NO;
				ASSETCATALOG_COMPILER_GENERATE_SWIFT_ASSET_SYMBOL_EXTENSIONS = YES;
				CLANG_ANALYZER_NONNULL = YES;
				CLANG_ANALYZER_NUMBER_OBJECT_CONVERSION = YES_AGGRESSIVE;
				CLANG_CXX_LANGUAGE_STANDARD = "gnu++20";
				CLANG_ENABLE_MODULES = YES;
				CLANG_ENABLE_OBJC_ARC = YES;
				CLANG_ENABLE_OBJC_WEAK = YES;
				CLANG_WARN_BLOCK_CAPTURE_AUTORELEASING = YES;
				CLANG_WARN_BOOL_CONVERSION = YES;
				CLANG_WARN_COMMA = YES;
				CLANG_WARN_CONSTANT_CONVERSION = YES;
				CLANG_WARN_DEPRECATED_OBJC_IMPLEMENTATIONS = YES;
				CLANG_WARN_DIRECT_OBJC_ISA_USAGE = YES_ERROR;
				CLANG_WARN_DOCUMENTATION_COMMENTS = YES;
				CLANG_WARN_EMPTY_BODY = YES;
				CLANG_WARN_ENUM_CONVERSION = YES;
				CLANG_WARN_INFINITE_RECURSION = YES;
				CLANG_WARN_INT_CONVERSION = YES;
				CLANG_WARN_NON_LITERAL_NULL_CONVERSION = YES;
				CLANG_WARN_OBJC_IMPLICIT_RETAIN_SELF = YES;
				CLANG_WARN_OBJC_LITERAL_CONVERSION = YES;
				CLANG_WARN_OBJC_ROOT_CLASS = YES_ERROR;
				CLANG_WARN_QUOTED_INCLUDE_IN_FRAMEWORK_HEADER = YES;
				CLANG_WARN_RANGE_LOOP_ANALYSIS = YES;
				CLANG_WARN_STRICT_PROTOTYPES = YES;
				CLANG_WARN_SUSPICIOUS_MOVE = YES;
				CLANG_WARN_UNGUARDED_AVAILABILITY = YES_AGGRESSIVE;
				CLANG_WARN_UNREACHABLE_CODE = YES;
				CLANG_WARN__DUPLICATE_METHOD_MATCH = YES;
				COPY_PHASE_STRIP = NO;
				DEBUG_INFORMATION_FORMAT = dwarf;
				ENABLE_STRICT_OBJC_MSGSEND = YES;
				ENABLE_TESTABILITY = YES;
				ENABLE_USER_SCRIPT_SANDBOXING = YES;
				GCC_C_LANGUAGE_STANDARD = gnu17;
				GCC_DYNAMIC_NO_PIC = NO;
				GCC_NO_COMMON_BLOCKS = YES;
				GCC_OPTIMIZATION_LEVEL = 0;
				GCC_PREPROCESSOR_DEFINITIONS = (
					"DEBUG=1",
					"$(inherited)",
				);
				GCC_WARN_64_TO_32_BIT_CONVERSION = YES;
				GCC_WARN_ABOUT_RETURN_TYPE = YES_ERROR;
				GCC_WARN_UNDECLARED_SELECTOR = YES;
				GCC_WARN_UNINITIALIZED_AUTOS = YES_AGGRESSIVE;
				GCC_WARN_UNUSED_FUNCTION = YES;
				GCC_WARN_UNUSED_VARIABLE = YES;
				IPHONEOS_DEPLOYMENT_TARGET = 17.2;
				LOCALIZATION_PREFERS_STRING_CATALOGS = YES;
				MTL_ENABLE_DEBUG_INFO = INCLUDE_SOURCE;
				MTL_FAST_MATH = YES;
				ONLY_ACTIVE_ARCH = YES;
				SDKROOT = iphoneos;
				SWIFT_ACTIVE_COMPILATION_CONDITIONS = "DEBUG $(inherited)";
				SWIFT_OPTIMIZATION_LEVEL = "-Onone";
			};
			name = Debug;
		};
		59C24A872D666A84002CB59B /* Release */ = {
			isa = XCBuildConfiguration;
			buildSettings = {
				ALWAYS_SEARCH_USER_PATHS = NO;
				ASSETCATALOG_COMPILER_GENERATE_SWIFT_ASSET_SYMBOL_EXTENSIONS = YES;
				CLANG_ANALYZER_NONNULL = YES;
				CLANG_ANALYZER_NUMBER_OBJECT_CONVERSION = YES_AGGRESSIVE;
				CLANG_CXX_LANGUAGE_STANDARD = "gnu++20";
				CLANG_ENABLE_MODULES = YES;
				CLANG_ENABLE_OBJC_ARC = YES;
				CLANG_ENABLE_OBJC_WEAK = YES;
				CLANG_WARN_BLOCK_CAPTURE_AUTORELEASING = YES;
				CLANG_WARN_BOOL_CONVERSION = YES;
				CLANG_WARN_COMMA = YES;
				CLANG_WARN_CONSTANT_CONVERSION = YES;
				CLANG_WARN_DEPRECATED_OBJC_IMPLEMENTATIONS = YES;
				CLANG_WARN_DIRECT_OBJC_ISA_USAGE = YES_ERROR;
				CLANG_WARN_DOCUMENTATION_COMMENTS = YES;
				CLANG_WARN_EMPTY_BODY = YES;
				CLANG_WARN_ENUM_CONVERSION = YES;
				CLANG_WARN_INFINITE_RECURSION = YES;
				CLANG_WARN_INT_CONVERSION = YES;
				CLANG_WARN_NON_LITERAL_NULL_CONVERSION = YES;
				CLANG_WARN_OBJC_IMPLICIT_RETAIN_SELF = YES;
				CLANG_WARN_OBJC_LITERAL_CONVERSION = YES;
				CLANG_WARN_OBJC_ROOT_CLASS = YES_ERROR;
				CLANG_WARN_QUOTED_INCLUDE_IN_FRAMEWORK_HEADER = YES;
				CLANG_WARN_RANGE_LOOP_ANALYSIS = YES;
				CLANG_WARN_STRICT_PROTOTYPES = YES;
				CLANG_WARN_SUSPICIOUS_MOVE = YES;
				CLANG_WARN_UNGUARDED_AVAILABILITY = YES_AGGRESSIVE;
				CLANG_WARN_UNREACHABLE_CODE = YES;
				CLANG_WARN__DUPLICATE_METHOD_MATCH = YES;
				COPY_PHASE_STRIP = NO;
				DEBUG_INFORMATION_FORMAT = "dwarf-with-dsym";
				ENABLE_NS_ASSERTIONS = NO;
				ENABLE_STRICT_OBJC_MSGSEND = YES;
				ENABLE_USER_SCRIPT_SANDBOXING = YES;
				GCC_C_LANGUAGE_STANDARD = gnu17;
				GCC_NO_COMMON_BLOCKS = YES;
				GCC_WARN_64_TO_32_BIT_CONVERSION = YES;
				GCC_WARN_ABOUT_RETURN_TYPE = YES_ERROR;
				GCC_WARN_UNDECLARED_SELECTOR = YES;
				GCC_WARN_UNINITIALIZED_AUTOS = YES_AGGRESSIVE;
				GCC_WARN_UNUSED_FUNCTION = YES;
				GCC_WARN_UNUSED_VARIABLE = YES;
				IPHONEOS_DEPLOYMENT_TARGET = 17.2;
				LOCALIZATION_PREFERS_STRING_CATALOGS = YES;
				MTL_ENABLE_DEBUG_INFO = NO;
				MTL_FAST_MATH = YES;
				SDKROOT = iphoneos;
				SWIFT_COMPILATION_MODE = wholemodule;
				VALIDATE_PRODUCT = YES;
			};
			name = Release;
		};
		59C24A892D666A84002CB59B /* Debug */ = {
			isa = XCBuildConfiguration;
			baseConfigurationReference = 6AB2FD087E580C6B25A285E1 /* Pods-MiniAppTester.debug.xcconfig */;
			buildSettings = {
				ASSETCATALOG_COMPILER_APPICON_NAME = AppIcon;
				ASSETCATALOG_COMPILER_GLOBAL_ACCENT_COLOR_NAME = AccentColor;
				CODE_SIGN_STYLE = Automatic;
				CURRENT_PROJECT_VERSION = 1;
				DEVELOPMENT_ASSET_PATHS = "\"MiniAppTester/Preview Content\"";
				DEVELOPMENT_TEAM = Q3EM23MFA9;
				ENABLE_PREVIEWS = YES;
				ENABLE_USER_SCRIPT_SANDBOXING = NO;
				GENERATE_INFOPLIST_FILE = YES;
				INFOPLIST_KEY_UIApplicationSceneManifest_Generation = YES;
				INFOPLIST_KEY_UIApplicationSupportsIndirectInputEvents = YES;
				INFOPLIST_KEY_UILaunchScreen_Generation = YES;
				INFOPLIST_KEY_UISupportedInterfaceOrientations_iPad = "UIInterfaceOrientationPortrait UIInterfaceOrientationPortraitUpsideDown UIInterfaceOrientationLandscapeLeft UIInterfaceOrientationLandscapeRight";
				INFOPLIST_KEY_UISupportedInterfaceOrientations_iPhone = "UIInterfaceOrientationPortrait UIInterfaceOrientationLandscapeLeft UIInterfaceOrientationLandscapeRight";
				IPHONEOS_DEPLOYMENT_TARGET = 16.0;
				LD_RUNPATH_SEARCH_PATHS = (
					"$(inherited)",
					"@executable_path/Frameworks",
				);
				MARKETING_VERSION = 1.0;
				PRODUCT_BUNDLE_IDENTIFIER = com.codeid.miniapptester.ios;
				PRODUCT_NAME = "$(TARGET_NAME)";
				SWIFT_EMIT_LOC_STRINGS = YES;
				SWIFT_VERSION = 5.0;
				TARGETED_DEVICE_FAMILY = "1,2";
			};
			name = Debug;
		};
		59C24A8A2D666A84002CB59B /* Release */ = {
			isa = XCBuildConfiguration;
			baseConfigurationReference = 9CB8A9031EDF589A6ED0EED2 /* Pods-MiniAppTester.release.xcconfig */;
			buildSettings = {
				ASSETCATALOG_COMPILER_APPICON_NAME = AppIcon;
				ASSETCATALOG_COMPILER_GLOBAL_ACCENT_COLOR_NAME = AccentColor;
				CODE_SIGN_STYLE = Automatic;
				CURRENT_PROJECT_VERSION = 1;
				DEVELOPMENT_ASSET_PATHS = "\"MiniAppTester/Preview Content\"";
				DEVELOPMENT_TEAM = Q3EM23MFA9;
				ENABLE_PREVIEWS = YES;
				ENABLE_USER_SCRIPT_SANDBOXING = NO;
				GENERATE_INFOPLIST_FILE = YES;
				INFOPLIST_KEY_UIApplicationSceneManifest_Generation = YES;
				INFOPLIST_KEY_UIApplicationSupportsIndirectInputEvents = YES;
				INFOPLIST_KEY_UILaunchScreen_Generation = YES;
				INFOPLIST_KEY_UISupportedInterfaceOrientations_iPad = "UIInterfaceOrientationPortrait UIInterfaceOrientationPortraitUpsideDown UIInterfaceOrientationLandscapeLeft UIInterfaceOrientationLandscapeRight";
				INFOPLIST_KEY_UISupportedInterfaceOrientations_iPhone = "UIInterfaceOrientationPortrait UIInterfaceOrientationLandscapeLeft UIInterfaceOrientationLandscapeRight";
				IPHONEOS_DEPLOYMENT_TARGET = 16.0;
				LD_RUNPATH_SEARCH_PATHS = (
					"$(inherited)",
					"@executable_path/Frameworks",
				);
				MARKETING_VERSION = 1.0;
				PRODUCT_BUNDLE_IDENTIFIER = com.codeid.miniapptester.ios;
				PRODUCT_NAME = "$(TARGET_NAME)";
				SWIFT_EMIT_LOC_STRINGS = YES;
				SWIFT_VERSION = 5.0;
				TARGETED_DEVICE_FAMILY = "1,2";
			};
			name = Release;
		};
/* End XCBuildConfiguration section */

/* Begin XCConfigurationList section */
		59C24A752D666A82002CB59B /* Build configuration list for PBXProject "MiniAppTester" */ = {
			isa = XCConfigurationList;
			buildConfigurations = (
				59C24A862D666A84002CB59B /* Debug */,
				59C24A872D666A84002CB59B /* Release */,
			);
			defaultConfigurationIsVisible = 0;
			defaultConfigurationName = Release;
		};
		59C24A882D666A84002CB59B /* Build configuration list for PBXNativeTarget "MiniAppTester" */ = {
			isa = XCConfigurationList;
			buildConfigurations = (
				59C24A892D666A84002CB59B /* Debug */,
				59C24A8A2D666A84002CB59B /* Release */,
			);
			defaultConfigurationIsVisible = 0;
			defaultConfigurationName = Release;
		};
/* End XCConfigurationList section */
	};
	rootObject = 59C24A722D666A82002CB59B /* Project object */;
}
